
Microsoft Visual Studio Solution File, Format Version 12.00
# Visual Studio Version 16
VisualStudioVersion = 16.0.30621.155
MinimumVisualStudioVersion = 10.0.40219.1
Project("{FAE04EC0-301F-11D3-BF4B-00C04F79EFBC}") = "File1", "Hometask2\File1.csproj", "{8B4ADEF3-E714-4FCF-AD42-5A6AB794F6BB}"
EndProject
Project("{FAE04EC0-301F-11D3-BF4B-00C04F79EFBC}") = "File2", "File2\File2.csproj", "{50296FB3-DDEC-4C02-8C58-75202BD0092A}"
EndProject
Global
	GlobalSection(SolutionConfigurationPlatforms) = preSolution
		Debug|Any CPU = Debug|Any CPU
		Release|Any CPU = Release|Any CPU
	EndGlobalSection
	GlobalSection(ProjectConfigurationPlatforms) = postSolution
		{8B4ADEF3-E714-4FCF-AD42-5A6AB794F6BB}.Debug|Any CPU.ActiveCfg = Debug|Any CPU
		{8B4ADEF3-E714-4FCF-AD42-5A6AB794F6BB}.Debug|Any CPU.Build.0 = Debug|Any CPU
		{8B4ADEF3-E714-4FCF-AD42-5A6AB794F6BB}.Release|Any CPU.ActiveCfg = Release|Any CPU
		{8B4ADEF3-E714-4FCF-AD42-5A6AB794F6BB}.Release|Any CPU.Build.0 = Release|Any CPU
		{50296FB3-DDEC-4C02-8C58-75202BD0092A}.Debug|Any CPU.ActiveCfg = Debug|Any CPU
		{50296FB3-DDEC-4C02-8C58-75202BD0092A}.Debug|Any CPU.Build.0 = Debug|Any CPU
		{50296FB3-DDEC-4C02-8C58-75202BD0092A}.Release|Any CPU.ActiveCfg = Release|Any CPU
		{50296FB3-DDEC-4C02-8C58-75202BD0092A}.Release|Any CPU.Build.0 = Release|Any CPU
	EndGlobalSection
	GlobalSection(SolutionProperties) = preSolution
		HideSolutionNode = FALSE
	EndGlobalSection
	GlobalSection(ExtensibilityGlobals) = postSolution
		SolutionGuid = {AD59DCE9-EA30-4F85-9CCE-D27D0EEFB72E}
	EndGlobalSection
EndGlobal
